PODS:
  - Flutter (1.0.0)
  - flutter_yandex_ads (0.0.1):
    - Flutter
    - YandexMobileAds (= 5.0.0-alpha.2)
    - YandexMobileAdsInstream (= 0.9.0-alpha.2)
  - YandexMobileAds (5.0.0-alpha.2):
    - YandexMobileAds/Static (= 5.0.0-alpha.2)
  - YandexMobileAds/Static (5.0.0-alpha.2):
    - YandexMobileMetrica (< 5.0.0, >= 4.0.0)
  - YandexMobileAdsInstream (0.9.0-alpha.2):
    - YandexMobileAds (~> 5.0.0-alpha.2)
  - YandexMobileMetrica (4.2.0):
    - YandexMobileMetrica/Static (= 4.2.0)
  - YandexMobileMetrica/Static (4.2.0):
    - YandexMobileMetrica/Static/Core (= 4.2.0)
    - YandexMobileMetrica/Static/Crashes (= 4.2.0)
  - YandexMobileMetrica/Static/Core (4.2.0)
  - YandexMobileMetrica/Static/Crashes (4.2.0):
    - YandexMobileMetrica/Static/Core

DEPENDENCIES:
  - Flutter (from `Flutter`)
  - flutter_yandex_ads (from `.symlinks/plugins/flutter_yandex_ads/ios`)

SPEC REPOS:
  trunk:
    - YandexMobileAds
    - YandexMobileAdsInstream
    - YandexMobileMetrica

EXTERNAL SOURCES:
  Flutter:
    :path: Flutter
  flutter_yandex_ads:
    :path: ".symlinks/plugins/flutter_yandex_ads/ios"

SPEC CHECKSUMS:
  Flutter: 50d75fe2f02b26cc09d224853bb45737f8b3214a
  flutter_yandex_ads: 125f7519d5aff8760ea54847840df901b56c3c0a
  YandexMobileAds: 3c143d8b8a4346e7b154698bb491b132af48c67b
  YandexMobileAdsInstream: 81859827d1b9535ffe03afc747d506795cca91f9
  YandexMobileMetrica: f5f9c605eaaba33ff6ab2b6bc3259035ca60ed87

PODFILE CHECKSUM: 61ca60fa875dcbbb667231063fecf2e2115d5a78

COCOAPODS: 1.11.2
