PODS:
  - AdColony (4.9.0)
  - AdColonyYandexMobileAdsAdapters (4.9.0.9):
    - AdColony (~> 4.9.0)
    - YandexMobileAds (~> 6.4.0)
  - AppLovinSDK (12.1.0)
  - AppLovinYandexMobileAdsAdapters (12.1.0.1):
    - AppLovinSDK (~> 12.1.0)
    - YandexMobileAds (~> 6.4.0)
  - BigoADS (4.2.0)
  - BigoADSYandexMobileAdsAdapters (4.2.0.0):
    - BigoADS (~> 4.2.0)
    - YandexMobileAds (~> 6.4.0)
  - ChartboostSDK (9.6.0)
  - ChartboostYandexMobileAdsAdapters (9.6.0.0):
    - ChartboostSDK (~> 9.6.0)
    - YandexMobileAds (~> 6.4.0)
  - DivKit (28.13.0):
    - DivKit_LayoutKit (= 28.13.0)
    - DivKit_Serialization (= 28.13.0)
    - VGSLCommonCore (~> 2.4)
    - VGSLNetworking (~> 2.4)
  - DivKit_LayoutKit (28.13.0):
    - DivKit_LayoutKitInterface (= 28.13.0)
    - VGSLCommonCore (~> 2.4)
  - DivKit_LayoutKitInterface (28.13.0):
    - VGSLBase (~> 2.4)
    - VGSLBaseTiny (~> 2.4)
    - VGSLBaseUI (~> 2.4)
  - DivKit_Serialization (28.13.0):
    - VGSLCommonCore (~> 2.4)
  - Flutter (1.0.0)
  - flutter_yandex_ads (1.0.0):
    - Flutter
    - YandexMobileAds (= 6.4.0)
    - YandexMobileAdsAdMobAdapters
    - YandexMobileAdsInstream (= 0.24.0)
    - YandexMobileAdsIronSourceAdapters
    - YandexMobileAdsMediation
  - Google-Mobile-Ads-SDK (10.14.0):
    - GoogleAppMeasurement (< 11.0, >= 7.0)
    - GoogleUserMessagingPlatform (>= 1.1)
  - GoogleAppMeasurement (10.21.0):
    - GoogleAppMeasurement/AdIdSupport (= 10.21.0)
    - GoogleUtilities/AppDelegateSwizzler (~> 7.11)
    - GoogleUtilities/MethodSwizzler (~> 7.11)
    - GoogleUtilities/Network (~> 7.11)
    - "GoogleUtilities/NSData+zlib (~> 7.11)"
    - nanopb (< 2.30910.0, >= 2.30908.0)
  - GoogleAppMeasurement/AdIdSupport (10.21.0):
    - GoogleAppMeasurement/WithoutAdIdSupport (= 10.21.0)
    - GoogleUtilities/AppDelegateSwizzler (~> 7.11)
    - GoogleUtilities/MethodSwizzler (~> 7.11)
    - GoogleUtilities/Network (~> 7.11)
    - "GoogleUtilities/NSData+zlib (~> 7.11)"
    - nanopb (< 2.30910.0, >= 2.30908.0)
  - GoogleAppMeasurement/WithoutAdIdSupport (10.21.0):
    - GoogleUtilities/AppDelegateSwizzler (~> 7.11)
    - GoogleUtilities/MethodSwizzler (~> 7.11)
    - GoogleUtilities/Network (~> 7.11)
    - "GoogleUtilities/NSData+zlib (~> 7.11)"
    - nanopb (< 2.30910.0, >= 2.30908.0)
  - GoogleUserMessagingPlatform (2.1.0)
  - GoogleUtilities/AppDelegateSwizzler (7.12.0):
    - GoogleUtilities/Environment
    - GoogleUtilities/Logger
    - GoogleUtilities/Network
  - GoogleUtilities/Environment (7.12.0):
    - PromisesObjC (< 3.0, >= 1.2)
  - GoogleUtilities/Logger (7.12.0):
    - GoogleUtilities/Environment
  - GoogleUtilities/MethodSwizzler (7.12.0):
    - GoogleUtilities/Logger
  - GoogleUtilities/Network (7.12.0):
    - GoogleUtilities/Logger
    - "GoogleUtilities/NSData+zlib"
    - GoogleUtilities/Reachability
  - "GoogleUtilities/NSData+zlib (7.12.0)"
  - GoogleUtilities/Reachability (7.12.0):
    - GoogleUtilities/Logger
  - GoogleYandexMobileAdsAdapters (10.14.0.1):
    - Google-Mobile-Ads-SDK (~> 10.14.0)
    - YandexMobileAds (~> 6.4.0)
  - InMobiSDK-Swift (10.5.5)
  - InMobiYandexMobileAdsAdapters (10.5.5.5):
    - InMobiSDK-Swift (~> 10.5.5)
    - YandexMobileAds (~> 6.4.0)
  - IronSourceSDK (7.7.0.0)
  - IronSourceYandexMobileAdsAdapters (7.7.0.0):
    - IronSourceSDK (~> 7.7.0.0)
    - YandexMobileAds (~> 6.4.0)
  - MintegralAdSDK (7.5.6):
    - MintegralAdSDK/BannerAd (= 7.5.6)
    - MintegralAdSDK/BidBannerAd (= 7.5.6)
    - MintegralAdSDK/BidInterstitialVideoAd (= 7.5.6)
    - MintegralAdSDK/BidNativeAd (= 7.5.6)
    - MintegralAdSDK/BidNewInterstitialAd (= 7.5.6)
    - MintegralAdSDK/BidRewardVideoAd (= 7.5.6)
    - MintegralAdSDK/InterstitialVideoAd (= 7.5.6)
    - MintegralAdSDK/NativeAd (= 7.5.6)
    - MintegralAdSDK/NewInterstitialAd (= 7.5.6)
    - MintegralAdSDK/RewardVideoAd (= 7.5.6)
  - MintegralAdSDK/BannerAd (7.5.6):
    - MintegralAdSDK/NativeAd
  - MintegralAdSDK/BidBannerAd (7.5.6):
    - MintegralAdSDK/BannerAd
    - MintegralAdSDK/BidNativeAd
  - MintegralAdSDK/BidInterstitialVideoAd (7.5.6):
    - MintegralAdSDK/BidNativeAd
    - MintegralAdSDK/InterstitialVideoAd
  - MintegralAdSDK/BidNativeAd (7.5.6):
    - MintegralAdSDK/NativeAd
  - MintegralAdSDK/BidNewInterstitialAd (7.5.6):
    - MintegralAdSDK/BidNativeAd
    - MintegralAdSDK/NewInterstitialAd
  - MintegralAdSDK/BidRewardVideoAd (7.5.6):
    - MintegralAdSDK/BidNativeAd
    - MintegralAdSDK/RewardVideoAd
  - MintegralAdSDK/InterstitialVideoAd (7.5.6):
    - MintegralAdSDK/NativeAd
  - MintegralAdSDK/NativeAd (7.5.6)
  - MintegralAdSDK/NewInterstitialAd (7.5.6):
    - MintegralAdSDK/InterstitialVideoAd
    - MintegralAdSDK/NativeAd
  - MintegralAdSDK/RewardVideoAd (7.5.6):
    - MintegralAdSDK/NativeAd
  - MintegralYandexMobileAdsAdapters (7.5.6.0):
    - MintegralAdSDK (~> 7.5.6)
    - YandexMobileAds (~> 6.4.0)
  - myTargetSDK (5.20.2):
    - myTrackerSDK (~> 3.1.1)
  - MyTargetYandexMobileAdsAdapters (5.20.1.0):
    - myTargetSDK (~> 5.20.1)
    - YandexMobileAds (~> 6.4.0)
  - myTrackerSDK (3.1.5)
  - nanopb (2.30909.1):
    - nanopb/decode (= 2.30909.1)
    - nanopb/encode (= 2.30909.1)
  - nanopb/decode (2.30909.1)
  - nanopb/encode (2.30909.1)
  - PromisesObjC (2.3.1)
  - StartAppSDK (4.10.2)
  - StartAppYandexMobileAdsAdapters (4.10.2.1):
    - StartAppSDK (~> 4.10.2)
    - YandexMobileAds (~> 6.4.0)
  - UnityAds (4.9.2)
  - UnityAdsYandexMobileAdsAdapters (4.9.2.1):
    - UnityAds (~> 4.9.2)
    - YandexMobileAds (~> 6.4.0)
  - VGSL_Fundamentals (2.4.1):
    - VGSL_Fundamentals_Tiny (= 2.4.1)
  - VGSL_Fundamentals_Tiny (2.4.1)
  - VGSLBase (2.4.1):
    - VGSL_Fundamentals (= 2.4.1)
    - VGSLBaseTiny (= 2.4.1)
    - VGSLBaseUI (= 2.4.1)
  - VGSLBaseTiny (2.4.1):
    - VGSL_Fundamentals_Tiny (= 2.4.1)
  - VGSLBaseUI (2.4.1):
    - VGSLBaseTiny (= 2.4.1)
  - VGSLCommonCore (2.4.1):
    - VGSLBase (= 2.4.1)
  - VGSLNetworking (2.4.1):
    - VGSLBase (= 2.4.1)
  - YandexMobileAds (6.4.0):
    - DivKit (= 28.13.0)
    - YandexMobileMetrica (< 5.0.0, >= 4.0.0)
  - YandexMobileAdsAdMobAdapters (6.4.0.0):
    - Google-Mobile-Ads-SDK (~> 10.14.0)
    - YandexMobileAds (~> 6.4.0)
  - YandexMobileAdsInstream (0.24.0):
    - YandexMobileAds (~> 6.4.0)
  - YandexMobileAdsIronSourceAdapters (6.4.0.0):
    - IronSourceSDK (~> 7.7.0.0)
    - YandexMobileAds (~> 6.4.0)
  - YandexMobileAdsMediation (6.4.0):
    - AdColonyYandexMobileAdsAdapters
    - AppLovinYandexMobileAdsAdapters
    - BigoADSYandexMobileAdsAdapters
    - ChartboostYandexMobileAdsAdapters
    - GoogleYandexMobileAdsAdapters
    - InMobiYandexMobileAdsAdapters
    - IronSourceYandexMobileAdsAdapters
    - MintegralYandexMobileAdsAdapters
    - MyTargetYandexMobileAdsAdapters
    - StartAppYandexMobileAdsAdapters
    - UnityAdsYandexMobileAdsAdapters
    - YandexMobileAds (= 6.4.0)
  - YandexMobileMetrica (4.5.2):
    - YandexMobileMetrica/Static (= 4.5.2)
  - YandexMobileMetrica/Static (4.5.2):
    - YandexMobileMetrica/Static/Core (= 4.5.2)
    - YandexMobileMetrica/Static/Crashes (= 4.5.2)
  - YandexMobileMetrica/Static/Core (4.5.2)
  - YandexMobileMetrica/Static/Crashes (4.5.2):
    - YandexMobileMetrica/Static/Core

DEPENDENCIES:
  - Flutter (from `Flutter`)
  - flutter_yandex_ads (from `.symlinks/plugins/flutter_yandex_ads/ios`)

SPEC REPOS:
  trunk:
    - AdColony
    - AdColonyYandexMobileAdsAdapters
    - AppLovinSDK
    - AppLovinYandexMobileAdsAdapters
    - BigoADS
    - BigoADSYandexMobileAdsAdapters
    - ChartboostSDK
    - ChartboostYandexMobileAdsAdapters
    - DivKit
    - DivKit_LayoutKit
    - DivKit_LayoutKitInterface
    - DivKit_Serialization
    - Google-Mobile-Ads-SDK
    - GoogleAppMeasurement
    - GoogleUserMessagingPlatform
    - GoogleUtilities
    - GoogleYandexMobileAdsAdapters
    - InMobiSDK-Swift
    - InMobiYandexMobileAdsAdapters
    - IronSourceSDK
    - IronSourceYandexMobileAdsAdapters
    - MintegralAdSDK
    - MintegralYandexMobileAdsAdapters
    - myTargetSDK
    - MyTargetYandexMobileAdsAdapters
    - myTrackerSDK
    - nanopb
    - PromisesObjC
    - StartAppSDK
    - StartAppYandexMobileAdsAdapters
    - UnityAds
    - UnityAdsYandexMobileAdsAdapters
    - VGSL_Fundamentals
    - VGSL_Fundamentals_Tiny
    - VGSLBase
    - VGSLBaseTiny
    - VGSLBaseUI
    - VGSLCommonCore
    - VGSLNetworking
    - YandexMobileAds
    - YandexMobileAdsAdMobAdapters
    - YandexMobileAdsInstream
    - YandexMobileAdsIronSourceAdapters
    - YandexMobileAdsMediation
    - YandexMobileMetrica

EXTERNAL SOURCES:
  Flutter:
    :path: Flutter
  flutter_yandex_ads:
    :path: ".symlinks/plugins/flutter_yandex_ads/ios"

SPEC CHECKSUMS:
  AdColony: af8b7414f317641e0e1e9d23a7b739879e40e4b9
  AdColonyYandexMobileAdsAdapters: e75d612c23721c31fc267a49439c51623e853606
  AppLovinSDK: 179d509c258e01a3a77eb8416f0ba843a12ed322
  AppLovinYandexMobileAdsAdapters: 9d015354a6fa45d92032b40235fd840d1c9098c1
  BigoADS: 14fa36d2f5da852cf84e69dcf7bbcb400563b3d7
  BigoADSYandexMobileAdsAdapters: a644ab785712b2da0134656b7f0879cb00db4edf
  ChartboostSDK: 67b6079679c3a643f8e0cd269a3d42970bdb9d98
  ChartboostYandexMobileAdsAdapters: 86c600b86315dfd12221778ee09c98ac4d6263ce
  DivKit: 65af423ea03c32b6ecaa63a64d4a2ea26c217f3b
  DivKit_LayoutKit: 3f88fab9edefb4938b9ccb5359ecbce4e1eeba69
  DivKit_LayoutKitInterface: 90449756ba956a7fbf3b168c01f7a0b7fc6a9de0
  DivKit_Serialization: 1b536e30c49163548bb62120320097c8ab41936d
  Flutter: f04841e97a9d0b0a8025694d0796dd46242b2854
  flutter_yandex_ads: 011689e409c60b5a0c1e35e61863eed36ee0fc57
  Google-Mobile-Ads-SDK: 8f67a72f88d057335b1ac3f501e2b68ad054116e
  GoogleAppMeasurement: a65314d316443969ed3d3709b3a187448ed6418f
  GoogleUserMessagingPlatform: dce302b8f1b84d6e945812ee7a15c3f65a102cbf
  GoogleUtilities: 0759d1a57ebb953965c2dfe0ba4c82e95ccc2e34
  GoogleYandexMobileAdsAdapters: 3df121aeadc4c9f07b7f9a9b716246eeed2e3737
  InMobiSDK-Swift: 8c38bbac13508c0e56a22682db8a530801d202bd
  InMobiYandexMobileAdsAdapters: 0b96446493e5e1dba45a8720b4f6aedd228fff34
  IronSourceSDK: c57bc2f8255222dd254887eb593382c51811e13d
  IronSourceYandexMobileAdsAdapters: 1d0dd52e8ea9103937a291a9a422366109bb0149
  MintegralAdSDK: 6a3058c0b33a2458744ffe0de1a9737e1507b99d
  MintegralYandexMobileAdsAdapters: a57f7bc617c37ff9981140b8e20af7a8cc84f2bb
  myTargetSDK: e89c7750ae10be5fa9deb4c01fce50c8ec1e078d
  MyTargetYandexMobileAdsAdapters: 51ff5902a6e5fcb78748945ee8c793d65c477b63
  myTrackerSDK: 29a5ff3e80406914c4b89e34d7631b1a3f6df440
  nanopb: d4d75c12cd1316f4a64e3c6963f879ecd4b5e0d5
  PromisesObjC: c50d2056b5253dadbd6c2bea79b0674bd5a52fa4
  StartAppSDK: 747b8ed6991bf4badc4c26dcd0cc264896975b3e
  StartAppYandexMobileAdsAdapters: 0bbb0f868f0476459d3b5547a782d4b0844581db
  UnityAds: 358547edbd4c923cd03462289b8813d0ef91999e
  UnityAdsYandexMobileAdsAdapters: cd9ee741e1d4d1ab82bf8f50d17c01d95311405d
  VGSL_Fundamentals: 4a965a687c76a5a435d7aaeb6b7182e82408bf4c
  VGSL_Fundamentals_Tiny: feab274b20c5838fbe09b887db0f6cfa28e26a1c
  VGSLBase: 37b95dd4ea137f73e8f9a8bd8ec474d8b4d75a68
  VGSLBaseTiny: 0a0a4992a348184e8580cf73efa8eb373d750f6b
  VGSLBaseUI: 62f147155e7b7049a32a30ac87b5bd8b83e636c5
  VGSLCommonCore: dd33088af6633d1c09f0c9bb8027920b99e2e0c8
  VGSLNetworking: e12d616b447522bf524c689d28f55cfbb20473cd
  YandexMobileAds: e3c29c3b77cd9d292ae2d3873225407ba4ee3ebb
  YandexMobileAdsAdMobAdapters: 2e5ce28cb9d1c44f7fd2c30b9a6d5dec15a36481
  YandexMobileAdsInstream: 2a5cf367ba82fc1933650596b207b8d32ddf019f
  YandexMobileAdsIronSourceAdapters: c50ef030b50a2239134b4f544c918e86ab7b1aa3
  YandexMobileAdsMediation: 93aed1a4cc0c5dbacfcc9cc1f4dd3d996e945994
  YandexMobileMetrica: f5368ee93f286c793d73b58da00929babfc897c1

PODFILE CHECKSUM: 7d7752e0d43e55d819bde246de4cd3641809a1a2

COCOAPODS: 1.15.2
